
Microsoft Visual Studio Solution File, Format Version 12.00
# Visual Studio 14
VisualStudioVersion = 14.0.25420.1
MinimumVisualStudioVersion = 10.0.40219.1
Project("{FAE04EC0-301F-11D3-BF4B-00C04F79EFBC}") = "WildApricotTest", "WildApricotTest\WildApricotTest.csproj", "{79FCB3D1-2CF5-4549-ABD5-7E77D6B2A449}"
EndProject
Global
	GlobalSection(SolutionConfigurationPlatforms) = preSolution
		Debug|Any CPU = Debug|Any CPU
		Release|Any CPU = Release|Any CPU
	EndGlobalSection
	GlobalSection(ProjectConfigurationPlatforms) = postSolution
		{79FCB3D1-2CF5-4549-ABD5-7E77D6B2A449}.Debug|Any CPU.ActiveCfg = Debug|Any CPU
		{79FCB3D1-2CF5-4549-ABD5-7E77D6B2A449}.Debug|Any CPU.Build.0 = Debug|Any CPU
		{79FCB3D1-2CF5-4549-ABD5-7E77D6B2A449}.Release|Any CPU.ActiveCfg = Release|Any CPU
		{79FCB3D1-2CF5-4549-ABD5-7E77D6B2A449}.Release|Any CPU.Build.0 = Release|Any CPU
	EndGlobalSection
	GlobalSection(SolutionProperties) = preSolution
		HideSolutionNode = FALSE
	EndGlobalSection
EndGlobal
